// !$*UTF8*$!
{
	archiveVersion = 1;
	classes = {
	};
	objectVersion = 50;
	objects = {

/* Begin PBXBuildFile section */
		E31F823526DA875100CF3698 /* AppDelegate.swift in Sources */ = {isa = PBXBuildFile; fileRef = E31F823426DA875100CF3698 /* AppDelegate.swift */; };
		E31F823726DA875100CF3698 /* SceneDelegate.swift in Sources */ = {isa = PBXBuildFile; fileRef = E31F823626DA875100CF3698 /* SceneDelegate.swift */; };
		E31F823926DA875100CF3698 /* MainViewController.swift in Sources */ = {isa = PBXBuildFile; fileRef = E31F823826DA875100CF3698 /* MainViewController.swift */; };
		E31F823C26DA875100CF3698 /* Main.storyboard in Resources */ = {isa = PBXBuildFile; fileRef = E31F823A26DA875100CF3698 /* Main.storyboard */; };
		E31F823E26DA875600CF3698 /* Assets.xcassets in Resources */ = {isa = PBXBuildFile; fileRef = E31F823D26DA875600CF3698 /* Assets.xcassets */; };
		E31F824126DA875600CF3698 /* LaunchScreen.storyboard in Resources */ = {isa = PBXBuildFile; fileRef = E31F823F26DA875600CF3698 /* LaunchScreen.storyboard */; };
		E31F824D26DA888400CF3698 /* StepModel.swift in Sources */ = {isa = PBXBuildFile; fileRef = E31F824C26DA888400CF3698 /* StepModel.swift */; };
		E31F824F26DA89EF00CF3698 /* PlayerViewController.swift in Sources */ = {isa = PBXBuildFile; fileRef = E31F824E26DA89EF00CF3698 /* PlayerViewController.swift */; };
		E31F825126DA90DD00CF3698 /* ExcursionModel.swift in Sources */ = {isa = PBXBuildFile; fileRef = E31F825026DA90DD00CF3698 /* ExcursionModel.swift */; };
		E31F825326DA988800CF3698 /* Tokio.mp3 in Resources */ = {isa = PBXBuildFile; fileRef = E31F825226DA988800CF3698 /* Tokio.mp3 */; };
/* End PBXBuildFile section */

/* Begin PBXFileReference section */
		E31F823126DA875100CF3698 /* WeGoTrip.app */ = {isa = PBXFileReference; explicitFileType = wrapper.application; includeInIndex = 0; path = WeGoTrip.app; sourceTree = BUILT_PRODUCTS_DIR; };
		E31F823426DA875100CF3698 /* AppDelegate.swift */ = {isa = PBXFileReference; lastKnownFileType = sourcecode.swift; path = AppDelegate.swift; sourceTree = "<group>"; };
		E31F823626DA875100CF3698 /* SceneDelegate.swift */ = {isa = PBXFileReference; lastKnownFileType = sourcecode.swift; path = SceneDelegate.swift; sourceTree = "<group>"; };
		E31F823826DA875100CF3698 /* MainViewController.swift */ = {isa = PBXFileReference; lastKnownFileType = sourcecode.swift; path = MainViewController.swift; sourceTree = "<group>"; };
		E31F823B26DA875100CF3698 /* Base */ = {isa = PBXFileReference; lastKnownFileType = file.storyboard; name = Base; path = Base.lproj/Main.storyboard; sourceTree = "<group>"; };
		E31F823D26DA875600CF3698 /* Assets.xcassets */ = {isa = PBXFileReference; lastKnownFileType = folder.assetcatalog; path = Assets.xcassets; sourceTree = "<group>"; };
		E31F824026DA875600CF3698 /* Base */ = {isa = PBXFileReference; lastKnownFileType = file.storyboard; name = Base; path = Base.lproj/LaunchScreen.storyboard; sourceTree = "<group>"; };
		E31F824226DA875600CF3698 /* Info.plist */ = {isa = PBXFileReference; lastKnownFileType = text.plist.xml; path = Info.plist; sourceTree = "<group>"; };
		E31F824C26DA888400CF3698 /* StepModel.swift */ = {isa = PBXFileReference; lastKnownFileType = sourcecode.swift; path = StepModel.swift; sourceTree = "<group>"; };
		E31F824E26DA89EF00CF3698 /* PlayerViewController.swift */ = {isa = PBXFileReference; lastKnownFileType = sourcecode.swift; path = PlayerViewController.swift; sourceTree = "<group>"; };
		E31F825026DA90DD00CF3698 /* ExcursionModel.swift */ = {isa = PBXFileReference; lastKnownFileType = sourcecode.swift; path = ExcursionModel.swift; sourceTree = "<group>"; };
		E31F825226DA988800CF3698 /* Tokio.mp3 */ = {isa = PBXFileReference; lastKnownFileType = audio.mp3; path = Tokio.mp3; sourceTree = "<group>"; };
/* End PBXFileReference section */

/* Begin PBXFrameworksBuildPhase section */
		E31F822E26DA875100CF3698 /* Frameworks */ = {
			isa = PBXFrameworksBuildPhase;
			buildActionMask = 2147483647;
			files = (
			);
			runOnlyForDeploymentPostprocessing = 0;
		};
/* End PBXFrameworksBuildPhase section */

/* Begin PBXGroup section */
		E31F822826DA875100CF3698 = {
			isa = PBXGroup;
			children = (
				E31F823326DA875100CF3698 /* WeGoTrip */,
				E31F823226DA875100CF3698 /* Products */,
			);
			sourceTree = "<group>";
		};
		E31F823226DA875100CF3698 /* Products */ = {
			isa = PBXGroup;
			children = (
				E31F823126DA875100CF3698 /* WeGoTrip.app */,
			);
			name = Products;
			sourceTree = "<group>";
		};
		E31F823326DA875100CF3698 /* WeGoTrip */ = {
			isa = PBXGroup;
			children = (
				E31F824826DA882B00CF3698 /* System */,
				E31F824A26DA884C00CF3698 /* Controllers */,
				E31F824B26DA885B00CF3698 /* Models */,
				E31F824926DA883A00CF3698 /* View */,
				E389932E26DAA2B70041610D /* Sound */,
				E31F825226DA988800CF3698 /* Tokio.mp3 */,
				E31F823D26DA875600CF3698 /* Assets.xcassets */,
				E31F824226DA875600CF3698 /* Info.plist */,
			);
			path = WeGoTrip;
			sourceTree = "<group>";
		};
		E31F824826DA882B00CF3698 /* System */ = {
			isa = PBXGroup;
			children = (
				E31F823426DA875100CF3698 /* AppDelegate.swift */,
				E31F823626DA875100CF3698 /* SceneDelegate.swift */,
			);
			path = System;
			sourceTree = "<group>";
		};
		E31F824926DA883A00CF3698 /* View */ = {
			isa = PBXGroup;
			children = (
				E31F823A26DA875100CF3698 /* Main.storyboard */,
				E31F823F26DA875600CF3698 /* LaunchScreen.storyboard */,
			);
			path = View;
			sourceTree = "<group>";
		};
		E31F824A26DA884C00CF3698 /* Controllers */ = {
			isa = PBXGroup;
			children = (
				E31F823826DA875100CF3698 /* MainViewController.swift */,
				E31F824E26DA89EF00CF3698 /* PlayerViewController.swift */,
			);
			path = Controllers;
			sourceTree = "<group>";
		};
		E31F824B26DA885B00CF3698 /* Models */ = {
			isa = PBXGroup;
			children = (
				E31F824C26DA888400CF3698 /* StepModel.swift */,
				E31F825026DA90DD00CF3698 /* ExcursionModel.swift */,
			);
			path = Models;
			sourceTree = "<group>";
		};
		E389932E26DAA2B70041610D /* Sound */ = {
			isa = PBXGroup;
			children = (
			);
			path = Sound;
			sourceTree = "<group>";
		};
/* End PBXGroup section */

/* Begin PBXNativeTarget section */
		E31F823026DA875100CF3698 /* WeGoTrip */ = {
			isa = PBXNativeTarget;
			buildConfigurationList = E31F824526DA875600CF3698 /* Build configuration list for PBXNativeTarget "WeGoTrip" */;
			buildPhases = (
				E31F822D26DA875100CF3698 /* Sources */,
				E31F822E26DA875100CF3698 /* Frameworks */,
				E31F822F26DA875100CF3698 /* Resources */,
			);
			buildRules = (
			);
			dependencies = (
			);
			name = WeGoTrip;
			productName = WeGoTrip;
			productReference = E31F823126DA875100CF3698 /* WeGoTrip.app */;
			productType = "com.apple.product-type.application";
		};
/* End PBXNativeTarget section */

/* Begin PBXProject section */
		E31F822926DA875100CF3698 /* Project object */ = {
			isa = PBXProject;
			attributes = {
				LastSwiftUpdateCheck = 1250;
				LastUpgradeCheck = 1250;
				TargetAttributes = {
					E31F823026DA875100CF3698 = {
						CreatedOnToolsVersion = 12.5;
					};
				};
			};
			buildConfigurationList = E31F822C26DA875100CF3698 /* Build configuration list for PBXProject "WeGoTrip" */;
			compatibilityVersion = "Xcode 9.3";
			developmentRegion = en;
			hasScannedForEncodings = 0;
			knownRegions = (
				en,
				Base,
			);
			mainGroup = E31F822826DA875100CF3698;
			productRefGroup = E31F823226DA875100CF3698 /* Products */;
			projectDirPath = "";
			projectRoot = "";
			targets = (
				E31F823026DA875100CF3698 /* WeGoTrip */,
			);
		};
/* End PBXProject section */

/* Begin PBXResourcesBuildPhase section */
		E31F822F26DA875100CF3698 /* Resources */ = {
			isa = PBXResourcesBuildPhase;
			buildActionMask = 2147483647;
			files = (
				E31F824126DA875600CF3698 /* LaunchScreen.storyboard in Resources */,
				E31F825326DA988800CF3698 /* Tokio.mp3 in Resources */,
				E31F823E26DA875600CF3698 /* Assets.xcassets in Resources */,
				E31F823C26DA875100CF3698 /* Main.storyboard in Resources */,
			);
			runOnlyForDeploymentPostprocessing = 0;
		};
/* End PBXResourcesBuildPhase section */

/* Begin PBXSourcesBuildPhase section */
		E31F822D26DA875100CF3698 /* Sources */ = {
			isa = PBXSourcesBuildPhase;
			buildActionMask = 2147483647;
			files = (
				E31F823926DA875100CF3698 /* MainViewController.swift in Sources */,
				E31F823526DA875100CF3698 /* AppDelegate.swift in Sources */,
				E31F825126DA90DD00CF3698 /* ExcursionModel.swift in Sources */,
				E31F823726DA875100CF3698 /* SceneDelegate.swift in Sources */,
				E31F824D26DA888400CF3698 /* StepModel.swift in Sources */,
				E31F824F26DA89EF00CF3698 /* PlayerViewController.swift in Sources */,
			);
			runOnlyForDeploymentPostprocessing = 0;
		};
/* End PBXSourcesBuildPhase section */

/* Begin PBXVariantGroup section */
		E31F823A26DA875100CF3698 /* Main.storyboard */ = {
			isa = PBXVariantGroup;
			children = (
				E31F823B26DA875100CF3698 /* Base */,
			);
			name = Main.storyboard;
			sourceTree = "<group>";
		};
		E31F823F26DA875600CF3698 /* LaunchScreen.storyboard */ = {
			isa = PBXVariantGroup;
			children = (
				E31F824026DA875600CF3698 /* Base */,
			);
			name = LaunchScreen.storyboard;
			sourceTree = "<group>";
		};
/* End PBXVariantGroup section */

/* Begin XCBuildConfiguration section */
		E31F824326DA875600CF3698 /* Debug */ = {
			isa = XCBuildConfiguration;
			buildSettings = {
				ALWAYS_SEARCH_USER_PATHS = NO;
				CLANG_ANALYZER_NONNULL = YES;
				CLANG_ANALYZER_NUMBER_OBJECT_CONVERSION = YES_AGGRESSIVE;
				CLANG_CXX_LANGUAGE_STANDARD = "gnu++14";
				CLANG_CXX_LIBRARY = "libc++";
				CLANG_ENABLE_MODULES = YES;
				CLANG_ENABLE_OBJC_ARC = YES;
				CLANG_ENABLE_OBJC_WEAK = YES;
				CLANG_WARN_BLOCK_CAPTURE_AUTORELEASING = YES;
				CLANG_WARN_BOOL_CONVERSION = YES;
				CLANG_WARN_COMMA = YES;
				CLANG_WARN_CONSTANT_CONVERSION = YES;
				CLANG_WARN_DEPRECATED_OBJC_IMPLEMENTATIONS = YES;
				CLANG_WARN_DIRECT_OBJC_ISA_USAGE = YES_ERROR;
				CLANG_WARN_DOCUMENTATION_COMMENTS = YES;
				CLANG_WARN_EMPTY_BODY = YES;
				CLANG_WARN_ENUM_CONVERSION = YES;
				CLANG_WARN_INFINITE_RECURSION = YES;
				CLANG_WARN_INT_CONVERSION = YES;
				CLANG_WARN_NON_LITERAL_NULL_CONVERSION = YES;
				CLANG_WARN_OBJC_IMPLICIT_RETAIN_SELF = YES;
				CLANG_WARN_OBJC_LITERAL_CONVERSION = YES;
				CLANG_WARN_OBJC_ROOT_CLASS = YES_ERROR;
				CLANG_WARN_QUOTED_INCLUDE_IN_FRAMEWORK_HEADER = YES;
				CLANG_WARN_RANGE_LOOP_ANALYSIS = YES;
				CLANG_WARN_STRICT_PROTOTYPES = YES;
				CLANG_WARN_SUSPICIOUS_MOVE = YES;
				CLANG_WARN_UNGUARDED_AVAILABILITY = YES_AGGRESSIVE;
				CLANG_WARN_UNREACHABLE_CODE = YES;
				CLANG_WARN__DUPLICATE_METHOD_MATCH = YES;
				COPY_PHASE_STRIP = NO;
				DEBUG_INFORMATION_FORMAT = dwarf;
				ENABLE_STRICT_OBJC_MSGSEND = YES;
				ENABLE_TESTABILITY = YES;
				GCC_C_LANGUAGE_STANDARD = gnu11;
				GCC_DYNAMIC_NO_PIC = NO;
				GCC_NO_COMMON_BLOCKS = YES;
				GCC_OPTIMIZATION_LEVEL = 0;
				GCC_PREPROCESSOR_DEFINITIONS = (
					"DEBUG=1",
					"$(inherited)",
				);
				GCC_WARN_64_TO_32_BIT_CONVERSION = YES;
				GCC_WARN_ABOUT_RETURN_TYPE = YES_ERROR;
				GCC_WARN_UNDECLARED_SELECTOR = YES;
				GCC_WARN_UNINITIALIZED_AUTOS = YES_AGGRESSIVE;
				GCC_WARN_UNUSED_FUNCTION = YES;
				GCC_WARN_UNUSED_VARIABLE = YES;
				IPHONEOS_DEPLOYMENT_TARGET = 11;
				MTL_ENABLE_DEBUG_INFO = INCLUDE_SOURCE;
				MTL_FAST_MATH = YES;
				ONLY_ACTIVE_ARCH = YES;
				SDKROOT = iphoneos;
				SWIFT_ACTIVE_COMPILATION_CONDITIONS = DEBUG;
				SWIFT_OPTIMIZATION_LEVEL = "-Onone";
				SWIFT_VERSION = 4.2;
			};
			name = Debug;
		};
		E31F824426DA875600CF3698 /* Release */ = {
			isa = XCBuildConfiguration;
			buildSettings = {
				ALWAYS_SEARCH_USER_PATHS = NO;
				CLANG_ANALYZER_NONNULL = YES;
				CLANG_ANALYZER_NUMBER_OBJECT_CONVERSION = YES_AGGRESSIVE;
				CLANG_CXX_LANGUAGE_STANDARD = "gnu++14";
				CLANG_CXX_LIBRARY = "libc++";
				CLANG_ENABLE_MODULES = YES;
				CLANG_ENABLE_OBJC_ARC = YES;
				CLANG_ENABLE_OBJC_WEAK = YES;
				CLANG_WARN_BLOCK_CAPTURE_AUTORELEASING = YES;
				CLANG_WARN_BOOL_CONVERSION = YES;
				CLANG_WARN_COMMA = YES;
				CLANG_WARN_CONSTANT_CONVERSION = YES;
				CLANG_WARN_DEPRECATED_OBJC_IMPLEMENTATIONS = YES;
				CLANG_WARN_DIRECT_OBJC_ISA_USAGE = YES_ERROR;
				CLANG_WARN_DOCUMENTATION_COMMENTS = YES;
				CLANG_WARN_EMPTY_BODY = YES;
				CLANG_WARN_ENUM_CONVERSION = YES;
				CLANG_WARN_INFINITE_RECURSION = YES;
				CLANG_WARN_INT_CONVERSION = YES;
				CLANG_WARN_NON_LITERAL_NULL_CONVERSION = YES;
				CLANG_WARN_OBJC_IMPLICIT_RETAIN_SELF = YES;
				CLANG_WARN_OBJC_LITERAL_CONVERSION = YES;
				CLANG_WARN_OBJC_ROOT_CLASS = YES_ERROR;
				CLANG_WARN_QUOTED_INCLUDE_IN_FRAMEWORK_HEADER = YES;
				CLANG_WARN_RANGE_LOOP_ANALYSIS = YES;
				CLANG_WARN_STRICT_PROTOTYPES = YES;
				CLANG_WARN_SUSPICIOUS_MOVE = YES;
				CLANG_WARN_UNGUARDED_AVAILABILITY = YES_AGGRESSIVE;
				CLANG_WARN_UNREACHABLE_CODE = YES;
				CLANG_WARN__DUPLICATE_METHOD_MATCH = YES;
				COPY_PHASE_STRIP = NO;
				DEBUG_INFORMATION_FORMAT = "dwarf-with-dsym";
				ENABLE_NS_ASSERTIONS = NO;
				ENABLE_STRICT_OBJC_MSGSEND = YES;
				GCC_C_LANGUAGE_STANDARD = gnu11;
				GCC_NO_COMMON_BLOCKS = YES;
				GCC_WARN_64_TO_32_BIT_CONVERSION = YES;
				GCC_WARN_ABOUT_RETURN_TYPE = YES_ERROR;
				GCC_WARN_UNDECLARED_SELECTOR = YES;
				GCC_WARN_UNINITIALIZED_AUTOS = YES_AGGRESSIVE;
				GCC_WARN_UNUSED_FUNCTION = YES;
				GCC_WARN_UNUSED_VARIABLE = YES;
				IPHONEOS_DEPLOYMENT_TARGET = 11;
				MTL_ENABLE_DEBUG_INFO = NO;
				MTL_FAST_MATH = YES;
				SDKROOT = iphoneos;
				SWIFT_COMPILATION_MODE = wholemodule;
				SWIFT_OPTIMIZATION_LEVEL = "-O";
				SWIFT_VERSION = 4.2;
				VALIDATE_PRODUCT = YES;
			};
			name = Release;
		};
		E31F824626DA875600CF3698 /* Debug */ = {
			isa = XCBuildConfiguration;
			buildSettings = {
				ASSETCATALOG_COMPILER_APPICON_NAME = AppIcon;
				ASSETCATALOG_COMPILER_GLOBAL_ACCENT_COLOR_NAME = AccentColor;
				CODE_SIGN_STYLE = Automatic;
				DEVELOPMENT_TEAM = E4F3RD8E26;
				INFOPLIST_FILE = WeGoTrip/Info.plist;
				LD_RUNPATH_SEARCH_PATHS = (
					"$(inherited)",
					"@executable_path/Frameworks",
				);
				PRODUCT_BUNDLE_IDENTIFIER = Vonkad.WeGoTrip;
				PRODUCT_NAME = "$(TARGET_NAME)";
				SWIFT_VERSION = 5.0;
				TARGETED_DEVICE_FAMILY = "1,2";
			};
			name = Debug;
		};
		E31F824726DA875600CF3698 /* Release */ = {
			isa = XCBuildConfiguration;
			buildSettings = {
				ASSETCATALOG_COMPILER_APPICON_NAME = AppIcon;
				ASSETCATALOG_COMPILER_GLOBAL_ACCENT_COLOR_NAME = AccentColor;
				CODE_SIGN_STYLE = Automatic;
				DEVELOPMENT_TEAM = E4F3RD8E26;
				INFOPLIST_FILE = WeGoTrip/Info.plist;
				LD_RUNPATH_SEARCH_PATHS = (
					"$(inherited)",
					"@executable_path/Frameworks",
				);
				PRODUCT_BUNDLE_IDENTIFIER = Vonkad.WeGoTrip;
				PRODUCT_NAME = "$(TARGET_NAME)";
				SWIFT_VERSION = 5.0;
				TARGETED_DEVICE_FAMILY = "1,2";
			};
			name = Release;
		};
/* End XCBuildConfiguration section */

/* Begin XCConfigurationList section */
		E31F822C26DA875100CF3698 /* Build configuration list for PBXProject "WeGoTrip" */ = {
			isa = XCConfigurationList;
			buildConfigurations = (
				E31F824326DA875600CF3698 /* Debug */,
				E31F824426DA875600CF3698 /* Release */,
			);
			defaultConfigurationIsVisible = 0;
			defaultConfigurationName = Release;
		};
		E31F824526DA875600CF3698 /* Build configuration list for PBXNativeTarget "WeGoTrip" */ = {
			isa = XCConfigurationList;
			buildConfigurations = (
				E31F824626DA875600CF3698 /* Debug */,
				E31F824726DA875600CF3698 /* Release */,
			);
			defaultConfigurationIsVisible = 0;
			defaultConfigurationName = Release;
		};
/* End XCConfigurationList section */
	};
	rootObject = E31F822926DA875100CF3698 /* Project object */;
}
